{
  "name": "test",
  "version": "1.0.0",
  "lockfileVersion": 2,
  "requires": true,
  "packages": {
    "": {
      "name": "test",
      "version": "1.0.0",
      "license": "ISC",
      "dependencies": {
        "resizox": "file:../package"
      }
    },
    "../package": {
      "version": "2.0.0",
      "license": "ISC",
      "devDependencies": {
        "@types/node": "^20.3.1"
      }
    },
    "node_modules/resizox": {
      "resolved": "../package",
      "link": true
    }
  },
  "dependencies": {
    "resizox": {
      "version": "file:../package",
      "requires": {
        "@types/node": "^20.3.1"
      }
    }
  }
}
